// !$*UTF8*$!
{
	archiveVersion = 1;
	classes = {
	};
	objectVersion = 46;
	objects = {

/* Begin PBXBuildFile section */
		948087F81CF8B42E00372B90 /* main.m in Sources */ = {isa = PBXBuildFile; fileRef = 948087F71CF8B42E00372B90 /* main.m */; };
		948087FB1CF8B42E00372B90 /* AppDelegate.m in Sources */ = {isa = PBXBuildFile; fileRef = 948087FA1CF8B42E00372B90 /* AppDelegate.m */; };
		948087FE1CF8B42E00372B90 /* ViewController.m in Sources */ = {isa = PBXBuildFile; fileRef = 948087FD1CF8B42E00372B90 /* ViewController.m */; };
		948088011CF8B42E00372B90 /* Main.storyboard in Resources */ = {isa = PBXBuildFile; fileRef = 948087FF1CF8B42E00372B90 /* Main.storyboard */; };
		948088031CF8B42E00372B90 /* Assets.xcassets in Resources */ = {isa = PBXBuildFile; fileRef = 948088021CF8B42E00372B90 /* Assets.xcassets */; };
		948088061CF8B42E00372B90 /* LaunchScreen.storyboard in Resources */ = {isa = PBXBuildFile; fileRef = 948088041CF8B42E00372B90 /* LaunchScreen.storyboard */; };
/* End PBXBuildFile section */

/* Begin PBXFileReference section */
		948087F31CF8B42E00372B90 /* IDNWxPayerSample.app */ = {isa = PBXFileReference; explicitFileType = wrapper.application; includeInIndex = 0; path = IDNWxPayerSample.app; sourceTree = BUILT_PRODUCTS_DIR; };
		948087F71CF8B42E00372B90 /* main.m */ = {isa = PBXFileReference; lastKnownFileType = sourcecode.c.objc; path = main.m; sourceTree = "<group>"; };
		948087F91CF8B42E00372B90 /* AppDelegate.h */ = {isa = PBXFileReference; lastKnownFileType = sourcecode.c.h; path = AppDelegate.h; sourceTree = "<group>"; };
		948087FA1CF8B42E00372B90 /* AppDelegate.m */ = {isa = PBXFileReference; lastKnownFileType = sourcecode.c.objc; path = AppDelegate.m; sourceTree = "<group>"; };
		948087FC1CF8B42E00372B90 /* ViewController.h */ = {isa = PBXFileReference; lastKnownFileType = sourcecode.c.h; path = ViewController.h; sourceTree = "<group>"; };
		948087FD1CF8B42E00372B90 /* ViewController.m */ = {isa = PBXFileReference; lastKnownFileType = sourcecode.c.objc; path = ViewController.m; sourceTree = "<group>"; };
		948088001CF8B42E00372B90 /* Base */ = {isa = PBXFileReference; lastKnownFileType = file.storyboard; name = Base; path = Base.lproj/Main.storyboard; sourceTree = "<group>"; };
		948088021CF8B42E00372B90 /* Assets.xcassets */ = {isa = PBXFileReference; lastKnownFileType = folder.assetcatalog; path = Assets.xcassets; sourceTree = "<group>"; };
		948088051CF8B42E00372B90 /* Base */ = {isa = PBXFileReference; lastKnownFileType = file.storyboard; name = Base; path = Base.lproj/LaunchScreen.storyboard; sourceTree = "<group>"; };
		948088071CF8B42E00372B90 /* Info.plist */ = {isa = PBXFileReference; lastKnownFileType = text.plist.xml; path = Info.plist; sourceTree = "<group>"; };
/* End PBXFileReference section */

/* Begin PBXFrameworksBuildPhase section */
		948087F01CF8B42E00372B90 /* Frameworks */ = {
			isa = PBXFrameworksBuildPhase;
			buildActionMask = 2147483647;
			files = (
			);
			runOnlyForDeploymentPostprocessing = 0;
		};
/* End PBXFrameworksBuildPhase section */

/* Begin PBXGroup section */
		948087EA1CF8B42E00372B90 = {
			isa = PBXGroup;
			children = (
				948087F51CF8B42E00372B90 /* IDNWxPayerSample */,
				948087F41CF8B42E00372B90 /* Products */,
			);
			sourceTree = "<group>";
		};
		948087F41CF8B42E00372B90 /* Products */ = {
			isa = PBXGroup;
			children = (
				948087F31CF8B42E00372B90 /* IDNWxPayerSample.app */,
			);
			name = Products;
			sourceTree = "<group>";
		};
		948087F51CF8B42E00372B90 /* IDNWxPayerSample */ = {
			isa = PBXGroup;
			children = (
				948087F91CF8B42E00372B90 /* AppDelegate.h */,
				948087FA1CF8B42E00372B90 /* AppDelegate.m */,
				948087FC1CF8B42E00372B90 /* ViewController.h */,
				948087FD1CF8B42E00372B90 /* ViewController.m */,
				948087FF1CF8B42E00372B90 /* Main.storyboard */,
				948088021CF8B42E00372B90 /* Assets.xcassets */,
				948088041CF8B42E00372B90 /* LaunchScreen.storyboard */,
				948088071CF8B42E00372B90 /* Info.plist */,
				948087F61CF8B42E00372B90 /* Supporting Files */,
			);
			path = IDNWxPayerSample;
			sourceTree = "<group>";
		};
		948087F61CF8B42E00372B90 /* Supporting Files */ = {
			isa = PBXGroup;
			children = (
				948087F71CF8B42E00372B90 /* main.m */,
			);
			name = "Supporting Files";
			sourceTree = "<group>";
		};
/* End PBXGroup section */

/* Begin PBXNativeTarget section */
		948087F21CF8B42E00372B90 /* IDNWxPayerSample */ = {
			isa = PBXNativeTarget;
			buildConfigurationList = 9480880A1CF8B42E00372B90 /* Build configuration list for PBXNativeTarget "IDNWxPayerSample" */;
			buildPhases = (
				948087EF1CF8B42E00372B90 /* Sources */,
				948087F01CF8B42E00372B90 /* Frameworks */,
				948087F11CF8B42E00372B90 /* Resources */,
			);
			buildRules = (
			);
			dependencies = (
			);
			name = IDNWxPayerSample;
			productName = IDNWxPayerSample;
			productReference = 948087F31CF8B42E00372B90 /* IDNWxPayerSample.app */;
			productType = "com.apple.product-type.application";
		};
/* End PBXNativeTarget section */

/* Begin PBXProject section */
		948087EB1CF8B42E00372B90 /* Project object */ = {
			isa = PBXProject;
			attributes = {
				LastUpgradeCheck = 0730;
				ORGANIZATIONNAME = photondragon;
				TargetAttributes = {
					948087F21CF8B42E00372B90 = {
						CreatedOnToolsVersion = 7.3;
					};
				};
			};
			buildConfigurationList = 948087EE1CF8B42E00372B90 /* Build configuration list for PBXProject "IDNWxPayerSample" */;
			compatibilityVersion = "Xcode 3.2";
			developmentRegion = English;
			hasScannedForEncodings = 0;
			knownRegions = (
				en,
				Base,
			);
			mainGroup = 948087EA1CF8B42E00372B90;
			productRefGroup = 948087F41CF8B42E00372B90 /* Products */;
			projectDirPath = "";
			projectRoot = "";
			targets = (
				948087F21CF8B42E00372B90 /* IDNWxPayerSample */,
			);
		};
/* End PBXProject section */

/* Begin PBXResourcesBuildPhase section */
		948087F11CF8B42E00372B90 /* Resources */ = {
			isa = PBXResourcesBuildPhase;
			buildActionMask = 2147483647;
			files = (
				948088061CF8B42E00372B90 /* LaunchScreen.storyboard in Resources */,
				948088031CF8B42E00372B90 /* Assets.xcassets in Resources */,
				948088011CF8B42E00372B90 /* Main.storyboard in Resources */,
			);
			runOnlyForDeploymentPostprocessing = 0;
		};
/* End PBXResourcesBuildPhase section */

/* Begin PBXSourcesBuildPhase section */
		948087EF1CF8B42E00372B90 /* Sources */ = {
			isa = PBXSourcesBuildPhase;
			buildActionMask = 2147483647;
			files = (
				948087FE1CF8B42E00372B90 /* ViewController.m in Sources */,
				948087FB1CF8B42E00372B90 /* AppDelegate.m in Sources */,
				948087F81CF8B42E00372B90 /* main.m in Sources */,
			);
			runOnlyForDeploymentPostprocessing = 0;
		};
/* End PBXSourcesBuildPhase section */

/* Begin PBXVariantGroup section */
		948087FF1CF8B42E00372B90 /* Main.storyboard */ = {
			isa = PBXVariantGroup;
			children = (
				948088001CF8B42E00372B90 /* Base */,
			);
			name = Main.storyboard;
			sourceTree = "<group>";
		};
		948088041CF8B42E00372B90 /* LaunchScreen.storyboard */ = {
			isa = PBXVariantGroup;
			children = (
				948088051CF8B42E00372B90 /* Base */,
			);
			name = LaunchScreen.storyboard;
			sourceTree = "<group>";
		};
/* End PBXVariantGroup section */

/* Begin XCBuildConfiguration section */
		948088081CF8B42E00372B90 /* Debug */ = {
			isa = XCBuildConfiguration;
			buildSettings = {
				ALWAYS_SEARCH_USER_PATHS = NO;
				CLANG_ANALYZER_NONNULL = YES;
				CLANG_CXX_LANGUAGE_STANDARD = "gnu++0x";
				CLANG_CXX_LIBRARY = "libc++";
				CLANG_ENABLE_MODULES = YES;
				CLANG_ENABLE_OBJC_ARC = YES;
				CLANG_WARN_BOOL_CONVERSION = YES;
				CLANG_WARN_CONSTANT_CONVERSION = YES;
				CLANG_WARN_DIRECT_OBJC_ISA_USAGE = YES_ERROR;
				CLANG_WARN_EMPTY_BODY = YES;
				CLANG_WARN_ENUM_CONVERSION = YES;
				CLANG_WARN_INT_CONVERSION = YES;
				CLANG_WARN_OBJC_ROOT_CLASS = YES_ERROR;
				CLANG_WARN_UNREACHABLE_CODE = YES;
				CLANG_WARN__DUPLICATE_METHOD_MATCH = YES;
				"CODE_SIGN_IDENTITY[sdk=iphoneos*]" = "iPhone Developer";
				COPY_PHASE_STRIP = NO;
				DEBUG_INFORMATION_FORMAT = dwarf;
				ENABLE_STRICT_OBJC_MSGSEND = YES;
				ENABLE_TESTABILITY = YES;
				GCC_C_LANGUAGE_STANDARD = gnu99;
				GCC_DYNAMIC_NO_PIC = NO;
				GCC_NO_COMMON_BLOCKS = YES;
				GCC_OPTIMIZATION_LEVEL = 0;
				GCC_PREPROCESSOR_DEFINITIONS = (
					"DEBUG=1",
					"$(inherited)",
				);
				GCC_WARN_64_TO_32_BIT_CONVERSION = YES;
				GCC_WARN_ABOUT_RETURN_TYPE = YES_ERROR;
				GCC_WARN_UNDECLARED_SELECTOR = YES;
				GCC_WARN_UNINITIALIZED_AUTOS = YES_AGGRESSIVE;
				GCC_WARN_UNUSED_FUNCTION = YES;
				GCC_WARN_UNUSED_VARIABLE = YES;
				IPHONEOS_DEPLOYMENT_TARGET = 9.3;
				MTL_ENABLE_DEBUG_INFO = YES;
				ONLY_ACTIVE_ARCH = YES;
				SDKROOT = iphoneos;
			};
			name = Debug;
		};
		948088091CF8B42E00372B90 /* Release */ = {
			isa = XCBuildConfiguration;
			buildSettings = {
				ALWAYS_SEARCH_USER_PATHS = NO;
				CLANG_ANALYZER_NONNULL = YES;
				CLANG_CXX_LANGUAGE_STANDARD = "gnu++0x";
				CLANG_CXX_LIBRARY = "libc++";
				CLANG_ENABLE_MODULES = YES;
				CLANG_ENABLE_OBJC_ARC = YES;
				CLANG_WARN_BOOL_CONVERSION = YES;
				CLANG_WARN_CONSTANT_CONVERSION = YES;
				CLANG_WARN_DIRECT_OBJC_ISA_USAGE = YES_ERROR;
				CLANG_WARN_EMPTY_BODY = YES;
				CLANG_WARN_ENUM_CONVERSION = YES;
				CLANG_WARN_INT_CONVERSION = YES;
				CLANG_WARN_OBJC_ROOT_CLASS = YES_ERROR;
				CLANG_WARN_UNREACHABLE_CODE = YES;
				CLANG_WARN__DUPLICATE_METHOD_MATCH = YES;
				"CODE_SIGN_IDENTITY[sdk=iphoneos*]" = "iPhone Developer";
				COPY_PHASE_STRIP = NO;
				DEBUG_INFORMATION_FORMAT = "dwarf-with-dsym";
				ENABLE_NS_ASSERTIONS = NO;
				ENABLE_STRICT_OBJC_MSGSEND = YES;
				GCC_C_LANGUAGE_STANDARD = gnu99;
				GCC_NO_COMMON_BLOCKS = YES;
				GCC_WARN_64_TO_32_BIT_CONVERSION = YES;
				GCC_WARN_ABOUT_RETURN_TYPE = YES_ERROR;
				GCC_WARN_UNDECLARED_SELECTOR = YES;
				GCC_WARN_UNINITIALIZED_AUTOS = YES_AGGRESSIVE;
				GCC_WARN_UNUSED_FUNCTION = YES;
				GCC_WARN_UNUSED_VARIABLE = YES;
				IPHONEOS_DEPLOYMENT_TARGET = 9.3;
				MTL_ENABLE_DEBUG_INFO = NO;
				SDKROOT = iphoneos;
				VALIDATE_PRODUCT = YES;
			};
			name = Release;
		};
		9480880B1CF8B42E00372B90 /* Debug */ = {
			isa = XCBuildConfiguration;
			buildSettings = {
				ASSETCATALOG_COMPILER_APPICON_NAME = AppIcon;
				INFOPLIST_FILE = IDNWxPayerSample/Info.plist;
				LD_RUNPATH_SEARCH_PATHS = "$(inherited) @executable_path/Frameworks";
				PRODUCT_BUNDLE_IDENTIFIER = iosdev.net.IDNWxPayerSample;
				PRODUCT_NAME = "$(TARGET_NAME)";
			};
			name = Debug;
		};
		9480880C1CF8B42E00372B90 /* Release */ = {
			isa = XCBuildConfiguration;
			buildSettings = {
				ASSETCATALOG_COMPILER_APPICON_NAME = AppIcon;
				INFOPLIST_FILE = IDNWxPayerSample/Info.plist;
				LD_RUNPATH_SEARCH_PATHS = "$(inherited) @executable_path/Frameworks";
				PRODUCT_BUNDLE_IDENTIFIER = iosdev.net.IDNWxPayerSample;
				PRODUCT_NAME = "$(TARGET_NAME)";
			};
			name = Release;
		};
/* End XCBuildConfiguration section */

/* Begin XCConfigurationList section */
		948087EE1CF8B42E00372B90 /* Build configuration list for PBXProject "IDNWxPayerSample" */ = {
			isa = XCConfigurationList;
			buildConfigurations = (
				948088081CF8B42E00372B90 /* Debug */,
				948088091CF8B42E00372B90 /* Release */,
			);
			defaultConfigurationIsVisible = 0;
			defaultConfigurationName = Release;
		};
		9480880A1CF8B42E00372B90 /* Build configuration list for PBXNativeTarget "IDNWxPayerSample" */ = {
			isa = XCConfigurationList;
			buildConfigurations = (
				9480880B1CF8B42E00372B90 /* Debug */,
				9480880C1CF8B42E00372B90 /* Release */,
			);
			defaultConfigurationIsVisible = 0;
		};
/* End XCConfigurationList section */
	};
	rootObject = 948087EB1CF8B42E00372B90 /* Project object */;
}
